
Microsoft Visual Studio Solution File, Format Version 12.00
# Visual Studio Version 16
VisualStudioVersion = 16.0.31911.196
MinimumVisualStudioVersion = 10.0.40219.1
Project("{FAE04EC0-301F-11D3-BF4B-00C04F79EFBC}") = "MentalHealth.API", "MentalHealth.API.csproj", "{4E87230F-FFCD-464E-B460-B424DEE08F6C}"
EndProject
Project("{2150E333-8FDC-42A3-9474-1A3956D46DE8}") = "Src", "Src", "{5E75B7BB-F173-4327-B2F0-6FE76BB4A1C0}"
EndProject
Project("{FAE04EC0-301F-11D3-BF4B-00C04F79EFBC}") = "MentalHealth.BL", "..\MentalHealth.BL\MentalHealth.BL.csproj", "{D85EC6E7-45AF-4645-B53D-05A361254260}"
EndProject
Project("{FAE04EC0-301F-11D3-BF4B-00C04F79EFBC}") = "MentalHealth.Core", "..\MentalHealth.Core\MentalHealth.Core.csproj", "{004661A2-F9D0-45EF-BB85-0260649BCBA4}"
EndProject
Project("{FAE04EC0-301F-11D3-BF4B-00C04F79EFBC}") = "MentalHealth.DAL", "..\MentalHealth.DAL\MentalHealth.DAL.csproj", "{D78C206D-FDD5-4A24-B613-2B4846847FE4}"
EndProject
Project("{2150E333-8FDC-42A3-9474-1A3956D46DE8}") = "Tests", "Tests", "{35858C27-4705-4640-B58F-C89523B1971B}"
EndProject
Project("{FAE04EC0-301F-11D3-BF4B-00C04F79EFBC}") = "DAL.IntegrationTests", "..\DAL.IntegrationTests\DAL.IntegrationTests.csproj", "{C62814D7-880C-4DC4-B3E4-DDEC989FEAD8}"
EndProject
Global
	GlobalSection(SolutionConfigurationPlatforms) = preSolution
		Debug|Any CPU = Debug|Any CPU
		Release|Any CPU = Release|Any CPU
	EndGlobalSection
	GlobalSection(ProjectConfigurationPlatforms) = postSolution
		{4E87230F-FFCD-464E-B460-B424DEE08F6C}.Debug|Any CPU.ActiveCfg = Debug|Any CPU
		{4E87230F-FFCD-464E-B460-B424DEE08F6C}.Debug|Any CPU.Build.0 = Debug|Any CPU
		{4E87230F-FFCD-464E-B460-B424DEE08F6C}.Release|Any CPU.ActiveCfg = Release|Any CPU
		{4E87230F-FFCD-464E-B460-B424DEE08F6C}.Release|Any CPU.Build.0 = Release|Any CPU
		{D85EC6E7-45AF-4645-B53D-05A361254260}.Debug|Any CPU.ActiveCfg = Debug|Any CPU
		{D85EC6E7-45AF-4645-B53D-05A361254260}.Debug|Any CPU.Build.0 = Debug|Any CPU
		{D85EC6E7-45AF-4645-B53D-05A361254260}.Release|Any CPU.ActiveCfg = Release|Any CPU
		{D85EC6E7-45AF-4645-B53D-05A361254260}.Release|Any CPU.Build.0 = Release|Any CPU
		{004661A2-F9D0-45EF-BB85-0260649BCBA4}.Debug|Any CPU.ActiveCfg = Debug|Any CPU
		{004661A2-F9D0-45EF-BB85-0260649BCBA4}.Debug|Any CPU.Build.0 = Debug|Any CPU
		{004661A2-F9D0-45EF-BB85-0260649BCBA4}.Release|Any CPU.ActiveCfg = Release|Any CPU
		{004661A2-F9D0-45EF-BB85-0260649BCBA4}.Release|Any CPU.Build.0 = Release|Any CPU
		{D78C206D-FDD5-4A24-B613-2B4846847FE4}.Debug|Any CPU.ActiveCfg = Debug|Any CPU
		{D78C206D-FDD5-4A24-B613-2B4846847FE4}.Debug|Any CPU.Build.0 = Debug|Any CPU
		{D78C206D-FDD5-4A24-B613-2B4846847FE4}.Release|Any CPU.ActiveCfg = Release|Any CPU
		{D78C206D-FDD5-4A24-B613-2B4846847FE4}.Release|Any CPU.Build.0 = Release|Any CPU
		{C62814D7-880C-4DC4-B3E4-DDEC989FEAD8}.Debug|Any CPU.ActiveCfg = Debug|Any CPU
		{C62814D7-880C-4DC4-B3E4-DDEC989FEAD8}.Debug|Any CPU.Build.0 = Debug|Any CPU
		{C62814D7-880C-4DC4-B3E4-DDEC989FEAD8}.Release|Any CPU.ActiveCfg = Release|Any CPU
		{C62814D7-880C-4DC4-B3E4-DDEC989FEAD8}.Release|Any CPU.Build.0 = Release|Any CPU
	EndGlobalSection
	GlobalSection(SolutionProperties) = preSolution
		HideSolutionNode = FALSE
	EndGlobalSection
	GlobalSection(NestedProjects) = preSolution
		{4E87230F-FFCD-464E-B460-B424DEE08F6C} = {5E75B7BB-F173-4327-B2F0-6FE76BB4A1C0}
		{D85EC6E7-45AF-4645-B53D-05A361254260} = {5E75B7BB-F173-4327-B2F0-6FE76BB4A1C0}
		{004661A2-F9D0-45EF-BB85-0260649BCBA4} = {5E75B7BB-F173-4327-B2F0-6FE76BB4A1C0}
		{D78C206D-FDD5-4A24-B613-2B4846847FE4} = {5E75B7BB-F173-4327-B2F0-6FE76BB4A1C0}
		{C62814D7-880C-4DC4-B3E4-DDEC989FEAD8} = {35858C27-4705-4640-B58F-C89523B1971B}
	EndGlobalSection
	GlobalSection(ExtensibilityGlobals) = postSolution
		SolutionGuid = {B103B85C-810B-49CD-B247-0CEBB61B59EB}
	EndGlobalSection
EndGlobal
